
Microsoft Visual Studio Solution File, Format Version 12.00
# Visual Studio Version 16
VisualStudioVersion = 16.0.32630.194
MinimumVisualStudioVersion = 10.0.40219.1
Project("{8BC9CEB8-8B4A-11D0-8D11-00A0C91BC942}") = "test_8_2_2022", "test_8_2_2022\test_8_2_2022.vcxproj", "{D1EFF612-D4D2-4651-A001-ABE0C2812927}"
EndProject
Global
	GlobalSection(SolutionConfigurationPlatforms) = preSolution
		Debug|x64 = Debug|x64
		Debug|x86 = Debug|x86
		Release|x64 = Release|x64
		Release|x86 = Release|x86
	EndGlobalSection
	GlobalSection(ProjectConfigurationPlatforms) = postSolution
		{D1EFF612-D4D2-4651-A001-ABE0C2812927}.Debug|x64.ActiveCfg = Debug|x64
		{D1EFF612-D4D2-4651-A001-ABE0C2812927}.Debug|x64.Build.0 = Debug|x64
		{D1EFF612-D4D2-4651-A001-ABE0C2812927}.Debug|x86.ActiveCfg = Debug|Win32
		{D1EFF612-D4D2-4651-A001-ABE0C2812927}.Debug|x86.Build.0 = Debug|Win32
		{D1EFF612-D4D2-4651-A001-ABE0C2812927}.Release|x64.ActiveCfg = Release|x64
		{D1EFF612-D4D2-4651-A001-ABE0C2812927}.Release|x64.Build.0 = Release|x64
		{D1EFF612-D4D2-4651-A001-ABE0C2812927}.Release|x86.ActiveCfg = Release|Win32
		{D1EFF612-D4D2-4651-A001-ABE0C2812927}.Release|x86.Build.0 = Release|Win32
	EndGlobalSection
	GlobalSection(SolutionProperties) = preSolution
		HideSolutionNode = FALSE
	EndGlobalSection
	GlobalSection(ExtensibilityGlobals) = postSolution
		SolutionGuid = {EB66D8E7-DDBF-4DF7-BF81-4DF241E3464D}
	EndGlobalSection
EndGlobal
