
Microsoft Visual Studio Solution File, Format Version 12.00
# Visual Studio 2012
Project("{8BC9CEB8-8B4A-11D0-8D11-00A0C91BC942}") = "5.8.sizeof", "5.8.sizeof\5.8.sizeof.vcxproj", "{E6D98806-C827-42B5-B041-95C13B3D7083}"
EndProject
Global
	GlobalSection(SolutionConfigurationPlatforms) = preSolution
		Debug|Win32 = Debug|Win32
		Release|Win32 = Release|Win32
	EndGlobalSection
	GlobalSection(ProjectConfigurationPlatforms) = postSolution
		{E6D98806-C827-42B5-B041-95C13B3D7083}.Debug|Win32.ActiveCfg = Debug|Win32
		{E6D98806-C827-42B5-B041-95C13B3D7083}.Debug|Win32.Build.0 = Debug|Win32
		{E6D98806-C827-42B5-B041-95C13B3D7083}.Release|Win32.ActiveCfg = Release|Win32
		{E6D98806-C827-42B5-B041-95C13B3D7083}.Release|Win32.Build.0 = Release|Win32
	EndGlobalSection
	GlobalSection(SolutionProperties) = preSolution
		HideSolutionNode = FALSE
	EndGlobalSection
EndGlobal
