
Microsoft Visual Studio Solution File, Format Version 12.00
# Visual Studio Version 16
VisualStudioVersion = 16.0.32630.194
MinimumVisualStudioVersion = 10.0.40219.1
Project("{8BC9CEB8-8B4A-11D0-8D11-00A0C91BC942}") = "test_8_12_2022", "test_8_12_2022\test_8_12_2022.vcxproj", "{48DDE18A-1E63-4F5F-AC87-8D1282621450}"
EndProject
Global
	GlobalSection(SolutionConfigurationPlatforms) = preSolution
		Debug|x64 = Debug|x64
		Debug|x86 = Debug|x86
		Release|x64 = Release|x64
		Release|x86 = Release|x86
	EndGlobalSection
	GlobalSection(ProjectConfigurationPlatforms) = postSolution
		{48DDE18A-1E63-4F5F-AC87-8D1282621450}.Debug|x64.ActiveCfg = Debug|x64
		{48DDE18A-1E63-4F5F-AC87-8D1282621450}.Debug|x64.Build.0 = Debug|x64
		{48DDE18A-1E63-4F5F-AC87-8D1282621450}.Debug|x86.ActiveCfg = Debug|Win32
		{48DDE18A-1E63-4F5F-AC87-8D1282621450}.Debug|x86.Build.0 = Debug|Win32
		{48DDE18A-1E63-4F5F-AC87-8D1282621450}.Release|x64.ActiveCfg = Release|x64
		{48DDE18A-1E63-4F5F-AC87-8D1282621450}.Release|x64.Build.0 = Release|x64
		{48DDE18A-1E63-4F5F-AC87-8D1282621450}.Release|x86.ActiveCfg = Release|Win32
		{48DDE18A-1E63-4F5F-AC87-8D1282621450}.Release|x86.Build.0 = Release|Win32
	EndGlobalSection
	GlobalSection(SolutionProperties) = preSolution
		HideSolutionNode = FALSE
	EndGlobalSection
	GlobalSection(ExtensibilityGlobals) = postSolution
		SolutionGuid = {1FF53670-CA42-4409-95B4-EBB8198B1606}
	EndGlobalSection
EndGlobal
